
Microsoft Visual Studio Solution File, Format Version 12.00
# Visual Studio Version 17
VisualStudioVersion = 17.14.37111.16 d17.14
MinimumVisualStudioVersion = 10.0.40219.1
Project("{FAE04EC0-301F-11D3-BF4B-00C04F79EFBC}") = "Calendar", "Calendar.csproj", "{7C2B3D5A-6362-4DDC-B26F-EBB7DE9AF946}"
EndProject
Project("{FAE04EC0-301F-11D3-BF4B-00C04F79EFBC}") = "UnitTestProjectCalendar", "..\UnitTestProjectCalendar\UnitTestProjectCalendar.csproj", "{C21121B8-2675-4928-8A78-796AD57F64E5}"
EndProject
Global
	GlobalSection(SolutionConfigurationPlatforms) = preSolution
		Debug|Any CPU = Debug|Any CPU
		Release|Any CPU = Release|Any CPU
	EndGlobalSection
	GlobalSection(ProjectConfigurationPlatforms) = postSolution
		{7C2B3D5A-6362-4DDC-B26F-EBB7DE9AF946}.Debug|Any CPU.ActiveCfg = Debug|Any CPU
		{7C2B3D5A-6362-4DDC-B26F-EBB7DE9AF946}.Debug|Any CPU.Build.0 = Debug|Any CPU
		{7C2B3D5A-6362-4DDC-B26F-EBB7DE9AF946}.Release|Any CPU.ActiveCfg = Release|Any CPU
		{7C2B3D5A-6362-4DDC-B26F-EBB7DE9AF946}.Release|Any CPU.Build.0 = Release|Any CPU
		{C21121B8-2675-4928-8A78-796AD57F64E5}.Debug|Any CPU.ActiveCfg = Debug|Any CPU
		{C21121B8-2675-4928-8A78-796AD57F64E5}.Debug|Any CPU.Build.0 = Debug|Any CPU
		{C21121B8-2675-4928-8A78-796AD57F64E5}.Release|Any CPU.ActiveCfg = Release|Any CPU
		{C21121B8-2675-4928-8A78-796AD57F64E5}.Release|Any CPU.Build.0 = Release|Any CPU
	EndGlobalSection
	GlobalSection(SolutionProperties) = preSolution
		HideSolutionNode = FALSE
	EndGlobalSection
	GlobalSection(ExtensibilityGlobals) = postSolution
		SolutionGuid = {0A7BAD24-9C26-4183-B904-6DC07A857548}
	EndGlobalSection
EndGlobal
