
Microsoft Visual Studio Solution File, Format Version 12.00
# Visual Studio Version 17
VisualStudioVersion = 17.14.37111.16 d17.14
MinimumVisualStudioVersion = 10.0.40219.1
Project("{FAE04EC0-301F-11D3-BF4B-00C04F79EFBC}") = "Tree_Traversal_Iterator_Composite", "Tree_Traversal_Iterator_Composite.csproj", "{55DFB9EA-DDB0-46F5-AD96-E232A57247E8}"
EndProject
Global
	GlobalSection(SolutionConfigurationPlatforms) = preSolution
		Debug|Any CPU = Debug|Any CPU
		Release|Any CPU = Release|Any CPU
	EndGlobalSection
	GlobalSection(ProjectConfigurationPlatforms) = postSolution
		{55DFB9EA-DDB0-46F5-AD96-E232A57247E8}.Debug|Any CPU.ActiveCfg = Debug|Any CPU
		{55DFB9EA-DDB0-46F5-AD96-E232A57247E8}.Debug|Any CPU.Build.0 = Debug|Any CPU
		{55DFB9EA-DDB0-46F5-AD96-E232A57247E8}.Release|Any CPU.ActiveCfg = Release|Any CPU
		{55DFB9EA-DDB0-46F5-AD96-E232A57247E8}.Release|Any CPU.Build.0 = Release|Any CPU
	EndGlobalSection
	GlobalSection(SolutionProperties) = preSolution
		HideSolutionNode = FALSE
	EndGlobalSection
	GlobalSection(ExtensibilityGlobals) = postSolution
		SolutionGuid = {6BDC6A9F-9812-4519-BBC5-FD68CC7DF713}
	EndGlobalSection
EndGlobal
